
Microsoft Visual Studio Solution File, Format Version 12.00
# Visual Studio 15
VisualStudioVersion = 15.0.28010.2048
MinimumVisualStudioVersion = 10.0.40219.1
Project("{FAE04EC0-301F-11D3-BF4B-00C04F79EFBC}") = "samplenewproject", "samplenewproject\samplenewproject.csproj", "{1532A83D-C040-4B35-A815-4401B629DB50}"
EndProject
Global
	GlobalSection(SolutionConfigurationPlatforms) = preSolution
		Debug|Any CPU = Debug|Any CPU
		Release|Any CPU = Release|Any CPU
	EndGlobalSection
	GlobalSection(ProjectConfigurationPlatforms) = postSolution
		{1532A83D-C040-4B35-A815-4401B629DB50}.Debug|Any CPU.ActiveCfg = Debug|Any CPU
		{1532A83D-C040-4B35-A815-4401B629DB50}.Debug|Any CPU.Build.0 = Debug|Any CPU
		{1532A83D-C040-4B35-A815-4401B629DB50}.Release|Any CPU.ActiveCfg = Release|Any CPU
		{1532A83D-C040-4B35-A815-4401B629DB50}.Release|Any CPU.Build.0 = Release|Any CPU
	EndGlobalSection
	GlobalSection(SolutionProperties) = preSolution
		HideSolutionNode = FALSE
	EndGlobalSection
	GlobalSection(ExtensibilityGlobals) = postSolution
		SolutionGuid = {DA0ABA0E-4870-4F2B-A4CA-BDD0E6549198}
	EndGlobalSection
EndGlobal
